Microsoft Visual Studio Solution File, Format Version 12.00
# Visual Studio 15
VisualStudioVersion = 15.0.27130.2010
MinimumVisualStudioVersion = 15.0.26124.0
Project("{9A19103F-16F7-4668-BE54-9A1E7A4F7556}") = "OYASAR.Framework.Core", "OYASAR.Framework.Core\OYASAR.Framework.Core.csproj", "{3FAA46F6-31CF-4D11-A3C2-612C8136EC48}"
EndProject
Project("{9A19103F-16F7-4668-BE54-9A1E7A4F7556}") = "OYASAR.Framework.CastleWindsor", "OYASAR.Framework.CastleWindsor\OYASAR.Framework.CastleWindsor.csproj", "{0D5E16F7-A922-4BDD-BE6A-857C55EBD776}"
EndProject
Project("{9A19103F-16F7-4668-BE54-9A1E7A4F7556}") = "OYASAR.Framework.NetCoreIoc", "OYASAR.Framework.NetCoreIoc\OYASAR.Framework.NetCoreIoc.csproj", "{92DEDBD3-22B8-42B2-B05B-D58F5B7DC344}"
EndProject
Project("{9A19103F-16F7-4668-BE54-9A1E7A4F7556}") = "OYASAR.Framework.EF", "OYASAR.Framework.EF\OYASAR.Framework.EF.csproj", "{6489FC50-8050-4519-9EAC-EA44D7E40FC5}"
EndProject
Project("{9A19103F-16F7-4668-BE54-9A1E7A4F7556}") = "OYASAR.Framework.DefaultAutoMapper", "OYASAR.Framework.DefaultAutoMapper\OYASAR.Framework.DefaultAutoMapper.csproj", "{B0F54764-AFF8-4891-9B04-5E4A57F6ABE3}"
EndProject
Project("{9A19103F-16F7-4668-BE54-9A1E7A4F7556}") = "OYASAR.Framework.EPPlus", "OYASAR.Framework.EPPlus\OYASAR.Framework.EPPlus.csproj", "{C1C4D74E-3BBA-49FB-A1A3-3972975A4857}"
EndProject
Project("{9A19103F-16F7-4668-BE54-9A1E7A4F7556}") = "OYASAR.Framework.Utils", "OYASAR.Framework.Utils\OYASAR.Framework.Utils.csproj", "{34B76C06-848D-4474-AF78-68F10FF5FD2E}"
EndProject
Project("{2150E333-8FDC-42A3-9474-1A3956D46DE8}") = "Core", "Core", "{7C8FE3CB-A909-490F-AC1B-6E2686F32AE6}"
EndProject
Project("{2150E333-8FDC-42A3-9474-1A3956D46DE8}") = "ORM", "ORM", "{4FA76C0C-4339-47B5-9189-98C62252581B}"
EndProject
Project("{2150E333-8FDC-42A3-9474-1A3956D46DE8}") = "Ioc", "Ioc", "{420483BC-1D18-49D9-85F7-127554B6B7C2}"
EndProject
Project("{2150E333-8FDC-42A3-9474-1A3956D46DE8}") = "Mapper", "Mapper", "{6E2C2D72-5D54-4F96-B930-2BA68A476681}"
EndProject
Project("{2150E333-8FDC-42A3-9474-1A3956D46DE8}") = "Utils", "Utils", "{3B99DDCC-B3D8-4391-8E01-C03928C6AECD}"
EndProject
Project("{9A19103F-16F7-4668-BE54-9A1E7A4F7556}") = "OYASAR.Framework.Security", "OYASAR.Framework.Security\OYASAR.Framework.Security.csproj", "{C7D78A91-9DE4-47E7-9009-FD4B550D2001}"
EndProject
Global
	GlobalSection(SolutionConfigurationPlatforms) = preSolution
		Debug|Any CPU = Debug|Any CPU
		Release|Any CPU = Release|Any CPU
	EndGlobalSection
	GlobalSection(ProjectConfigurationPlatforms) = postSolution
		{3FAA46F6-31CF-4D11-A3C2-612C8136EC48}.Debug|Any CPU.ActiveCfg = Debug|Any CPU
		{3FAA46F6-31CF-4D11-A3C2-612C8136EC48}.Debug|Any CPU.Build.0 = Debug|Any CPU
		{3FAA46F6-31CF-4D11-A3C2-612C8136EC48}.Release|Any CPU.ActiveCfg = Release|Any CPU
		{3FAA46F6-31CF-4D11-A3C2-612C8136EC48}.Release|Any CPU.Build.0 = Release|Any CPU
		{0D5E16F7-A922-4BDD-BE6A-857C55EBD776}.Debug|Any CPU.ActiveCfg = Debug|Any CPU
		{0D5E16F7-A922-4BDD-BE6A-857C55EBD776}.Debug|Any CPU.Build.0 = Debug|Any CPU
		{0D5E16F7-A922-4BDD-BE6A-857C55EBD776}.Release|Any CPU.ActiveCfg = Release|Any CPU
		{0D5E16F7-A922-4BDD-BE6A-857C55EBD776}.Release|Any CPU.Build.0 = Release|Any CPU
		{92DEDBD3-22B8-42B2-B05B-D58F5B7DC344}.Debug|Any CPU.ActiveCfg = Debug|Any CPU
		{92DEDBD3-22B8-42B2-B05B-D58F5B7DC344}.Debug|Any CPU.Build.0 = Debug|Any CPU
		{92DEDBD3-22B8-42B2-B05B-D58F5B7DC344}.Release|Any CPU.ActiveCfg = Release|Any CPU
		{92DEDBD3-22B8-42B2-B05B-D58F5B7DC344}.Release|Any CPU.Build.0 = Release|Any CPU
		{6489FC50-8050-4519-9EAC-EA44D7E40FC5}.Debug|Any CPU.ActiveCfg = Debug|Any CPU
		{6489FC50-8050-4519-9EAC-EA44D7E40FC5}.Debug|Any CPU.Build.0 = Debug|Any CPU
		{6489FC50-8050-4519-9EAC-EA44D7E40FC5}.Release|Any CPU.ActiveCfg = Release|Any CPU
		{6489FC50-8050-4519-9EAC-EA44D7E40FC5}.Release|Any CPU.Build.0 = Release|Any CPU
		{B0F54764-AFF8-4891-9B04-5E4A57F6ABE3}.Debug|Any CPU.ActiveCfg = Debug|Any CPU
		{B0F54764-AFF8-4891-9B04-5E4A57F6ABE3}.Debug|Any CPU.Build.0 = Debug|Any CPU
		{B0F54764-AFF8-4891-9B04-5E4A57F6ABE3}.Release|Any CPU.ActiveCfg = Release|Any CPU
		{B0F54764-AFF8-4891-9B04-5E4A57F6ABE3}.Release|Any CPU.Build.0 = Release|Any CPU
		{C1C4D74E-3BBA-49FB-A1A3-3972975A4857}.Debug|Any CPU.ActiveCfg = Debug|Any CPU
		{C1C4D74E-3BBA-49FB-A1A3-3972975A4857}.Debug|Any CPU.Build.0 = Debug|Any CPU
		{C1C4D74E-3BBA-49FB-A1A3-3972975A4857}.Release|Any CPU.ActiveCfg = Release|Any CPU
		{C1C4D74E-3BBA-49FB-A1A3-3972975A4857}.Release|Any CPU.Build.0 = Release|Any CPU
		{34B76C06-848D-4474-AF78-68F10FF5FD2E}.Debug|Any CPU.ActiveCfg = Debug|Any CPU
		{34B76C06-848D-4474-AF78-68F10FF5FD2E}.Debug|Any CPU.Build.0 = Debug|Any CPU
		{34B76C06-848D-4474-AF78-68F10FF5FD2E}.Release|Any CPU.ActiveCfg = Release|Any CPU
		{34B76C06-848D-4474-AF78-68F10FF5FD2E}.Release|Any CPU.Build.0 = Release|Any CPU
		{C7D78A91-9DE4-47E7-9009-FD4B550D2001}.Debug|Any CPU.ActiveCfg = Debug|Any CPU
		{C7D78A91-9DE4-47E7-9009-FD4B550D2001}.Debug|Any CPU.Build.0 = Debug|Any CPU
		{C7D78A91-9DE4-47E7-9009-FD4B550D2001}.Release|Any CPU.ActiveCfg = Release|Any CPU
		{C7D78A91-9DE4-47E7-9009-FD4B550D2001}.Release|Any CPU.Build.0 = Release|Any CPU
	EndGlobalSection
	GlobalSection(SolutionProperties) = preSolution
		HideSolutionNode = FALSE
	EndGlobalSection
	GlobalSection(NestedProjects) = preSolution
		{3FAA46F6-31CF-4D11-A3C2-612C8136EC48} = {7C8FE3CB-A909-490F-AC1B-6E2686F32AE6}
		{0D5E16F7-A922-4BDD-BE6A-857C55EBD776} = {420483BC-1D18-49D9-85F7-127554B6B7C2}
		{92DEDBD3-22B8-42B2-B05B-D58F5B7DC344} = {420483BC-1D18-49D9-85F7-127554B6B7C2}
		{6489FC50-8050-4519-9EAC-EA44D7E40FC5} = {4FA76C0C-4339-47B5-9189-98C62252581B}
		{B0F54764-AFF8-4891-9B04-5E4A57F6ABE3} = {6E2C2D72-5D54-4F96-B930-2BA68A476681}
		{C1C4D74E-3BBA-49FB-A1A3-3972975A4857} = {3B99DDCC-B3D8-4391-8E01-C03928C6AECD}
		{34B76C06-848D-4474-AF78-68F10FF5FD2E} = {3B99DDCC-B3D8-4391-8E01-C03928C6AECD}
		{C7D78A91-9DE4-47E7-9009-FD4B550D2001} = {3B99DDCC-B3D8-4391-8E01-C03928C6AECD}
	EndGlobalSection
	GlobalSection(ExtensibilityGlobals) = postSolution
		SolutionGuid = {72573360-B672-47DE-941A-D749E69F84F1}
	EndGlobalSection
EndGlobal
