
Microsoft Visual Studio Solution File, Format Version 12.00
# Visual Studio 14
VisualStudioVersion = 14.0.25420.1
MinimumVisualStudioVersion = 10.0.40219.1
Project("{FAE04EC0-301F-11D3-BF4B-00C04F79EFBC}") = "OYASAR.Framework.PubSub.Core", "OYASAR.Framework.PubSub.Core\OYASAR.Framework.PubSub.Core.csproj", "{6C022E47-B19C-4ECC-B11B-96AD6DF6F436}"
EndProject
Project("{FAE04EC0-301F-11D3-BF4B-00C04F79EFBC}") = "OYASAR.Framework.PubSub.Configuration", "OYASAR.Framework.PubSub.Configuration\OYASAR.Framework.PubSub.Configuration.csproj", "{E2118D11-B2AF-4D50-ACAD-61D70446B93C}"
EndProject
Project("{FAE04EC0-301F-11D3-BF4B-00C04F79EFBC}") = "OYASAR.Framework.PubSub.Server", "OYASAR.Framework.PubSub.Server\OYASAR.Framework.PubSub.Server.csproj", "{65A741B8-AF1E-4D26-B79B-2FC7FC08A056}"
EndProject
Project("{FAE04EC0-301F-11D3-BF4B-00C04F79EFBC}") = "OYASAR.Framework.PubSub.Client", "OYASAR.Framework.PubSub.Client\OYASAR.Framework.PubSub.Client.csproj", "{92696004-70F6-41D0-A6BB-F50BB15E1EC8}"
EndProject
Project("{2150E333-8FDC-42A3-9474-1A3956D46DE8}") = "src", "src", "{82922097-1EB1-4748-8DAC-4F1EEF099C45}"
EndProject
Project("{2150E333-8FDC-42A3-9474-1A3956D46DE8}") = "Tests", "Tests", "{4DB6FF37-6D16-407E-9592-659F817DD37A}"
EndProject
Project("{FAE04EC0-301F-11D3-BF4B-00C04F79EFBC}") = "OYASAR.Framework.PubSub.Tests.Console", "OYASAR.Framework.PubSub.Tests.Console\OYASAR.Framework.PubSub.Tests.Console.csproj", "{7AEC37D3-EB18-4D22-B6AB-9B195BDCF1AE}"
EndProject
Project("{2150E333-8FDC-42A3-9474-1A3956D46DE8}") = "Server", "Server", "{50217611-3572-4DBE-A215-7A54ACA1CF6B}"
EndProject
Project("{FAE04EC0-301F-11D3-BF4B-00C04F79EFBC}") = "OYASAR.Framework.PubSub.Tests.Api", "OYASAR.Framework.PubSub.Tests.Api\OYASAR.Framework.PubSub.Tests.Api.csproj", "{DDF04DEE-5EF4-45C3-819C-ED6C6F500C8F}"
EndProject
Project("{2150E333-8FDC-42A3-9474-1A3956D46DE8}") = "Client", "Client", "{65F2B8BA-2432-4DFD-A3D7-DA74277B472E}"
EndProject
Project("{FAE04EC0-301F-11D3-BF4B-00C04F79EFBC}") = "OYASAR.Framework.PubSub.Tests.Client", "OYASAR.Framework.PubSub.Tests.Client\OYASAR.Framework.PubSub.Tests.Client.csproj", "{29E06002-CB13-476F-9426-C6ECAA030848}"
EndProject
Global
	GlobalSection(SolutionConfigurationPlatforms) = preSolution
		Debug|Any CPU = Debug|Any CPU
		Release|Any CPU = Release|Any CPU
	EndGlobalSection
	GlobalSection(ProjectConfigurationPlatforms) = postSolution
		{6C022E47-B19C-4ECC-B11B-96AD6DF6F436}.Debug|Any CPU.ActiveCfg = Debug|Any CPU
		{6C022E47-B19C-4ECC-B11B-96AD6DF6F436}.Debug|Any CPU.Build.0 = Debug|Any CPU
		{6C022E47-B19C-4ECC-B11B-96AD6DF6F436}.Release|Any CPU.ActiveCfg = Release|Any CPU
		{6C022E47-B19C-4ECC-B11B-96AD6DF6F436}.Release|Any CPU.Build.0 = Release|Any CPU
		{E2118D11-B2AF-4D50-ACAD-61D70446B93C}.Debug|Any CPU.ActiveCfg = Debug|Any CPU
		{E2118D11-B2AF-4D50-ACAD-61D70446B93C}.Debug|Any CPU.Build.0 = Debug|Any CPU
		{E2118D11-B2AF-4D50-ACAD-61D70446B93C}.Release|Any CPU.ActiveCfg = Release|Any CPU
		{E2118D11-B2AF-4D50-ACAD-61D70446B93C}.Release|Any CPU.Build.0 = Release|Any CPU
		{65A741B8-AF1E-4D26-B79B-2FC7FC08A056}.Debug|Any CPU.ActiveCfg = Debug|Any CPU
		{65A741B8-AF1E-4D26-B79B-2FC7FC08A056}.Debug|Any CPU.Build.0 = Debug|Any CPU
		{65A741B8-AF1E-4D26-B79B-2FC7FC08A056}.Release|Any CPU.ActiveCfg = Release|Any CPU
		{65A741B8-AF1E-4D26-B79B-2FC7FC08A056}.Release|Any CPU.Build.0 = Release|Any CPU
		{92696004-70F6-41D0-A6BB-F50BB15E1EC8}.Debug|Any CPU.ActiveCfg = Debug|Any CPU
		{92696004-70F6-41D0-A6BB-F50BB15E1EC8}.Debug|Any CPU.Build.0 = Debug|Any CPU
		{92696004-70F6-41D0-A6BB-F50BB15E1EC8}.Release|Any CPU.ActiveCfg = Release|Any CPU
		{92696004-70F6-41D0-A6BB-F50BB15E1EC8}.Release|Any CPU.Build.0 = Release|Any CPU
		{7AEC37D3-EB18-4D22-B6AB-9B195BDCF1AE}.Debug|Any CPU.ActiveCfg = Debug|Any CPU
		{7AEC37D3-EB18-4D22-B6AB-9B195BDCF1AE}.Debug|Any CPU.Build.0 = Debug|Any CPU
		{7AEC37D3-EB18-4D22-B6AB-9B195BDCF1AE}.Release|Any CPU.ActiveCfg = Release|Any CPU
		{7AEC37D3-EB18-4D22-B6AB-9B195BDCF1AE}.Release|Any CPU.Build.0 = Release|Any CPU
		{DDF04DEE-5EF4-45C3-819C-ED6C6F500C8F}.Debug|Any CPU.ActiveCfg = Debug|Any CPU
		{DDF04DEE-5EF4-45C3-819C-ED6C6F500C8F}.Debug|Any CPU.Build.0 = Debug|Any CPU
		{DDF04DEE-5EF4-45C3-819C-ED6C6F500C8F}.Release|Any CPU.ActiveCfg = Release|Any CPU
		{DDF04DEE-5EF4-45C3-819C-ED6C6F500C8F}.Release|Any CPU.Build.0 = Release|Any CPU
		{29E06002-CB13-476F-9426-C6ECAA030848}.Debug|Any CPU.ActiveCfg = Debug|Any CPU
		{29E06002-CB13-476F-9426-C6ECAA030848}.Debug|Any CPU.Build.0 = Debug|Any CPU
		{29E06002-CB13-476F-9426-C6ECAA030848}.Release|Any CPU.ActiveCfg = Release|Any CPU
		{29E06002-CB13-476F-9426-C6ECAA030848}.Release|Any CPU.Build.0 = Release|Any CPU
	EndGlobalSection
	GlobalSection(SolutionProperties) = preSolution
		HideSolutionNode = FALSE
	EndGlobalSection
	GlobalSection(NestedProjects) = preSolution
		{6C022E47-B19C-4ECC-B11B-96AD6DF6F436} = {82922097-1EB1-4748-8DAC-4F1EEF099C45}
		{E2118D11-B2AF-4D50-ACAD-61D70446B93C} = {82922097-1EB1-4748-8DAC-4F1EEF099C45}
		{65A741B8-AF1E-4D26-B79B-2FC7FC08A056} = {82922097-1EB1-4748-8DAC-4F1EEF099C45}
		{92696004-70F6-41D0-A6BB-F50BB15E1EC8} = {82922097-1EB1-4748-8DAC-4F1EEF099C45}
		{7AEC37D3-EB18-4D22-B6AB-9B195BDCF1AE} = {50217611-3572-4DBE-A215-7A54ACA1CF6B}
		{50217611-3572-4DBE-A215-7A54ACA1CF6B} = {4DB6FF37-6D16-407E-9592-659F817DD37A}
		{DDF04DEE-5EF4-45C3-819C-ED6C6F500C8F} = {50217611-3572-4DBE-A215-7A54ACA1CF6B}
		{65F2B8BA-2432-4DFD-A3D7-DA74277B472E} = {4DB6FF37-6D16-407E-9592-659F817DD37A}
		{29E06002-CB13-476F-9426-C6ECAA030848} = {65F2B8BA-2432-4DFD-A3D7-DA74277B472E}
	EndGlobalSection
EndGlobal
